
Microsoft Visual Studio Solution File, Format Version 12.00
# Visual Studio 2012
Project("{FAE04EC0-301F-11D3-BF4B-00C04F79EFBC}") = "MvcXAnd0", "MvcXAnd0\MvcXAnd0.csproj", "{35A5E849-73AD-4E02-9D33-52A20D95F81E}"
EndProject
Global
	GlobalSection(SolutionConfigurationPlatforms) = preSolution
		Debug|Any CPU = Debug|Any CPU
		Release|Any CPU = Release|Any CPU
	EndGlobalSection
	GlobalSection(ProjectConfigurationPlatforms) = postSolution
		{35A5E849-73AD-4E02-9D33-52A20D95F81E}.Debug|Any CPU.ActiveCfg = Debug|Any CPU
		{35A5E849-73AD-4E02-9D33-52A20D95F81E}.Debug|Any CPU.Build.0 = Debug|Any CPU
		{35A5E849-73AD-4E02-9D33-52A20D95F81E}.Release|Any CPU.ActiveCfg = Release|Any CPU
		{35A5E849-73AD-4E02-9D33-52A20D95F81E}.Release|Any CPU.Build.0 = Release|Any CPU
	EndGlobalSection
	GlobalSection(SolutionProperties) = preSolution
		HideSolutionNode = FALSE
	EndGlobalSection
EndGlobal
